{
  "name": "web-component-sidebar",
  "version": "1.0.0",
  "lockfileVersion": 3,
  "requires": true,
  "packages": {
    "": {
      "name": "web-component-sidebar",
      "version": "1.0.0",
      "license": "MIT",
      "dependencies": {
        "@fortawesome/fontawesome-svg-core": "^6.3.0",
        "@node-projects/base-custom-webcomponent": "^0.10.9"
      },
      "devDependencies": {
        "typescript": "^4.9.5"
      }
    },
    "node_modules/@fortawesome/fontawesome-common-types": {
      "version": "6.3.0",
      "resolved": "https://registry.npmjs.org/@fortawesome/fontawesome-common-types/-/fontawesome-common-types-6.3.0.tgz",
      "integrity": "sha512-4BC1NMoacEBzSXRwKjZ/X/gmnbp/HU5Qqat7E8xqorUtBFZS+bwfGH5/wqOC2K6GV0rgEobp3OjGRMa5fK9pFg==",
      "hasInstallScript": true,
      "engines": {
        "node": ">=6"
      }
    },
    "node_modules/@fortawesome/fontawesome-svg-core": {
      "version": "6.3.0",
      "resolved": "https://registry.npmjs.org/@fortawesome/fontawesome-svg-core/-/fontawesome-svg-core-6.3.0.tgz",
      "integrity": "sha512-uz9YifyKlixV6AcKlOX8WNdtF7l6nakGyLYxYaCa823bEBqyj/U2ssqtctO38itNEwXb8/lMzjdoJ+aaJuOdrw==",
      "hasInstallScript": true,
      "dependencies": {
        "@fortawesome/fontawesome-common-types": "6.3.0"
      },
      "engines": {
        "node": ">=6"
      }
    },
    "node_modules/@node-projects/base-custom-webcomponent": {
      "version": "0.10.9",
      "resolved": "https://registry.npmjs.org/@node-projects/base-custom-webcomponent/-/base-custom-webcomponent-0.10.9.tgz",
      "integrity": "sha512-jqHnvA34zlXr6xz/G0W5PBphEfrM418dptLP9CPZ/NaD7w6h38Li0vyCQWmvHVRXO/5mfH3UiNCUrQ7hynZL9w=="
    },
    "node_modules/typescript": {
      "version": "4.9.5",
      "resolved": "https://registry.npmjs.org/typescript/-/typescript-4.9.5.tgz",
      "integrity": "sha512-1FXk9E2Hm+QzZQ7z+McJiHL4NW1F2EzMu9Nq9i3zAaGqibafqYwCVU6WyWAuyQRRzOlxou8xZSyXLEN8oKj24g==",
      "dev": true,
      "bin": {
        "tsc": "bin/tsc",
        "tsserver": "bin/tsserver"
      },
      "engines": {
        "node": ">=4.2.0"
      }
    }
  }
}
